
Microsoft Visual Studio Solution File, Format Version 12.00
# Visual Studio 15
VisualStudioVersion = 15.0.28307.902
MinimumVisualStudioVersion = 10.0.40219.1
Project("{FAE04EC0-301F-11D3-BF4B-00C04F79EFBC}") = "WindowsFormsApp1", "WindowsFormsApp1\WindowsFormsApp1.csproj", "{454A8EC4-82E9-41A0-B07D-8CC1954734C1}"
EndProject
Global
	GlobalSection(SolutionConfigurationPlatforms) = preSolution
		Debug|Any CPU = Debug|Any CPU
		Release|Any CPU = Release|Any CPU
	EndGlobalSection
	GlobalSection(ProjectConfigurationPlatforms) = postSolution
		{454A8EC4-82E9-41A0-B07D-8CC1954734C1}.Debug|Any CPU.ActiveCfg = Debug|Any CPU
		{454A8EC4-82E9-41A0-B07D-8CC1954734C1}.Debug|Any CPU.Build.0 = Debug|Any CPU
		{454A8EC4-82E9-41A0-B07D-8CC1954734C1}.Release|Any CPU.ActiveCfg = Release|Any CPU
		{454A8EC4-82E9-41A0-B07D-8CC1954734C1}.Release|Any CPU.Build.0 = Release|Any CPU
	EndGlobalSection
	GlobalSection(SolutionProperties) = preSolution
		HideSolutionNode = FALSE
	EndGlobalSection
	GlobalSection(ExtensibilityGlobals) = postSolution
		SolutionGuid = {57F37B15-7AC1-492A-B54D-BB44E80BB6F7}
	EndGlobalSection
EndGlobal
